
Microsoft Visual Studio Solution File, Format Version 12.00
Project("{FAE04EC0-301F-11D3-BF4B-00C04F79EFBC}") = "Domain", "Domain\Domain.csproj", "{A6E7F35F-086C-4B83-BEEB-4E320840435D}"
EndProject
Project("{2150E333-8FDC-42A3-9474-1A3956D46DE8}") = "src", "src", "{9EAAF879-863D-4D08-A69D-6789CDE86628}"
EndProject
Project("{FAE04EC0-301F-11D3-BF4B-00C04F79EFBC}") = "Application", "Application\Application.csproj", "{FED6B962-B809-45A2-BD2B-CA8482400DF2}"
EndProject
Project("{FAE04EC0-301F-11D3-BF4B-00C04F79EFBC}") = "Infrastructure", "Infrastructure\Infrastructure.csproj", "{0F88CFA8-393C-45D5-A03C-9AAA6D247402}"
EndProject
Project("{FAE04EC0-301F-11D3-BF4B-00C04F79EFBC}") = "WebApi", "WebApi\WebApi.csproj", "{8183B83B-A293-49D4-BBEB-7B639A48C352}"
EndProject
Project("{2150E333-8FDC-42A3-9474-1A3956D46DE8}") = "test", "test", "{ED2E7F84-C69D-43BE-AC04-2EC1BCFB7B10}"
EndProject
Project("{FAE04EC0-301F-11D3-BF4B-00C04F79EFBC}") = "Application.Tests.Unit", "Application.Tests.Unit\Application.Tests.Unit.csproj", "{7F84BDBA-B971-4000-94A5-404E58AADEC4}"
EndProject
Project("{FAE04EC0-301F-11D3-BF4B-00C04F79EFBC}") = "Integration.Tests", "Integration.Tests\Integration.Tests.csproj", "{3F5F9904-77C0-4668-ADDA-8EB98AF1D510}"
EndProject
Global
	GlobalSection(SolutionConfigurationPlatforms) = preSolution
		Debug|Any CPU = Debug|Any CPU
		Debug|x64 = Debug|x64
		Debug|x86 = Debug|x86
		Release|Any CPU = Release|Any CPU
		Release|x64 = Release|x64
		Release|x86 = Release|x86
	EndGlobalSection
	GlobalSection(ProjectConfigurationPlatforms) = postSolution
		{A6E7F35F-086C-4B83-BEEB-4E320840435D}.Debug|Any CPU.ActiveCfg = Debug|Any CPU
		{A6E7F35F-086C-4B83-BEEB-4E320840435D}.Debug|Any CPU.Build.0 = Debug|Any CPU
		{A6E7F35F-086C-4B83-BEEB-4E320840435D}.Debug|x64.ActiveCfg = Debug|Any CPU
		{A6E7F35F-086C-4B83-BEEB-4E320840435D}.Debug|x64.Build.0 = Debug|Any CPU
		{A6E7F35F-086C-4B83-BEEB-4E320840435D}.Debug|x86.ActiveCfg = Debug|Any CPU
		{A6E7F35F-086C-4B83-BEEB-4E320840435D}.Debug|x86.Build.0 = Debug|Any CPU
		{A6E7F35F-086C-4B83-BEEB-4E320840435D}.Release|Any CPU.ActiveCfg = Release|Any CPU
		{A6E7F35F-086C-4B83-BEEB-4E320840435D}.Release|Any CPU.Build.0 = Release|Any CPU
		{A6E7F35F-086C-4B83-BEEB-4E320840435D}.Release|x64.ActiveCfg = Release|Any CPU
		{A6E7F35F-086C-4B83-BEEB-4E320840435D}.Release|x64.Build.0 = Release|Any CPU
		{A6E7F35F-086C-4B83-BEEB-4E320840435D}.Release|x86.ActiveCfg = Release|Any CPU
		{A6E7F35F-086C-4B83-BEEB-4E320840435D}.Release|x86.Build.0 = Release|Any CPU
		{FED6B962-B809-45A2-BD2B-CA8482400DF2}.Debug|Any CPU.ActiveCfg = Debug|Any CPU
		{FED6B962-B809-45A2-BD2B-CA8482400DF2}.Debug|Any CPU.Build.0 = Debug|Any CPU
		{FED6B962-B809-45A2-BD2B-CA8482400DF2}.Debug|x64.ActiveCfg = Debug|Any CPU
		{FED6B962-B809-45A2-BD2B-CA8482400DF2}.Debug|x64.Build.0 = Debug|Any CPU
		{FED6B962-B809-45A2-BD2B-CA8482400DF2}.Debug|x86.ActiveCfg = Debug|Any CPU
		{FED6B962-B809-45A2-BD2B-CA8482400DF2}.Debug|x86.Build.0 = Debug|Any CPU
		{FED6B962-B809-45A2-BD2B-CA8482400DF2}.Release|Any CPU.ActiveCfg = Release|Any CPU
		{FED6B962-B809-45A2-BD2B-CA8482400DF2}.Release|Any CPU.Build.0 = Release|Any CPU
		{FED6B962-B809-45A2-BD2B-CA8482400DF2}.Release|x64.ActiveCfg = Release|Any CPU
		{FED6B962-B809-45A2-BD2B-CA8482400DF2}.Release|x64.Build.0 = Release|Any CPU
		{FED6B962-B809-45A2-BD2B-CA8482400DF2}.Release|x86.ActiveCfg = Release|Any CPU
		{FED6B962-B809-45A2-BD2B-CA8482400DF2}.Release|x86.Build.0 = Release|Any CPU
		{0F88CFA8-393C-45D5-A03C-9AAA6D247402}.Debug|Any CPU.ActiveCfg = Debug|Any CPU
		{0F88CFA8-393C-45D5-A03C-9AAA6D247402}.Debug|Any CPU.Build.0 = Debug|Any CPU
		{0F88CFA8-393C-45D5-A03C-9AAA6D247402}.Debug|x64.ActiveCfg = Debug|Any CPU
		{0F88CFA8-393C-45D5-A03C-9AAA6D247402}.Debug|x64.Build.0 = Debug|Any CPU
		{0F88CFA8-393C-45D5-A03C-9AAA6D247402}.Debug|x86.ActiveCfg = Debug|Any CPU
		{0F88CFA8-393C-45D5-A03C-9AAA6D247402}.Debug|x86.Build.0 = Debug|Any CPU
		{0F88CFA8-393C-45D5-A03C-9AAA6D247402}.Release|Any CPU.ActiveCfg = Release|Any CPU
		{0F88CFA8-393C-45D5-A03C-9AAA6D247402}.Release|Any CPU.Build.0 = Release|Any CPU
		{0F88CFA8-393C-45D5-A03C-9AAA6D247402}.Release|x64.ActiveCfg = Release|Any CPU
		{0F88CFA8-393C-45D5-A03C-9AAA6D247402}.Release|x64.Build.0 = Release|Any CPU
		{0F88CFA8-393C-45D5-A03C-9AAA6D247402}.Release|x86.ActiveCfg = Release|Any CPU
		{0F88CFA8-393C-45D5-A03C-9AAA6D247402}.Release|x86.Build.0 = Release|Any CPU
		{8183B83B-A293-49D4-BBEB-7B639A48C352}.Debug|Any CPU.ActiveCfg = Debug|Any CPU
		{8183B83B-A293-49D4-BBEB-7B639A48C352}.Debug|Any CPU.Build.0 = Debug|Any CPU
		{8183B83B-A293-49D4-BBEB-7B639A48C352}.Debug|x64.ActiveCfg = Debug|Any CPU
		{8183B83B-A293-49D4-BBEB-7B639A48C352}.Debug|x64.Build.0 = Debug|Any CPU
		{8183B83B-A293-49D4-BBEB-7B639A48C352}.Debug|x86.ActiveCfg = Debug|Any CPU
		{8183B83B-A293-49D4-BBEB-7B639A48C352}.Debug|x86.Build.0 = Debug|Any CPU
		{8183B83B-A293-49D4-BBEB-7B639A48C352}.Release|Any CPU.ActiveCfg = Release|Any CPU
		{8183B83B-A293-49D4-BBEB-7B639A48C352}.Release|Any CPU.Build.0 = Release|Any CPU
		{8183B83B-A293-49D4-BBEB-7B639A48C352}.Release|x64.ActiveCfg = Release|Any CPU
		{8183B83B-A293-49D4-BBEB-7B639A48C352}.Release|x64.Build.0 = Release|Any CPU
		{8183B83B-A293-49D4-BBEB-7B639A48C352}.Release|x86.ActiveCfg = Release|Any CPU
		{8183B83B-A293-49D4-BBEB-7B639A48C352}.Release|x86.Build.0 = Release|Any CPU
		{7F84BDBA-B971-4000-94A5-404E58AADEC4}.Debug|Any CPU.ActiveCfg = Debug|Any CPU
		{7F84BDBA-B971-4000-94A5-404E58AADEC4}.Debug|Any CPU.Build.0 = Debug|Any CPU
		{7F84BDBA-B971-4000-94A5-404E58AADEC4}.Debug|x64.ActiveCfg = Debug|Any CPU
		{7F84BDBA-B971-4000-94A5-404E58AADEC4}.Debug|x64.Build.0 = Debug|Any CPU
		{7F84BDBA-B971-4000-94A5-404E58AADEC4}.Debug|x86.ActiveCfg = Debug|Any CPU
		{7F84BDBA-B971-4000-94A5-404E58AADEC4}.Debug|x86.Build.0 = Debug|Any CPU
		{7F84BDBA-B971-4000-94A5-404E58AADEC4}.Release|Any CPU.ActiveCfg = Release|Any CPU
		{7F84BDBA-B971-4000-94A5-404E58AADEC4}.Release|Any CPU.Build.0 = Release|Any CPU
		{7F84BDBA-B971-4000-94A5-404E58AADEC4}.Release|x64.ActiveCfg = Release|Any CPU
		{7F84BDBA-B971-4000-94A5-404E58AADEC4}.Release|x64.Build.0 = Release|Any CPU
		{7F84BDBA-B971-4000-94A5-404E58AADEC4}.Release|x86.ActiveCfg = Release|Any CPU
		{7F84BDBA-B971-4000-94A5-404E58AADEC4}.Release|x86.Build.0 = Release|Any CPU
		{3F5F9904-77C0-4668-ADDA-8EB98AF1D510}.Debug|Any CPU.ActiveCfg = Debug|Any CPU
		{3F5F9904-77C0-4668-ADDA-8EB98AF1D510}.Debug|Any CPU.Build.0 = Debug|Any CPU
		{3F5F9904-77C0-4668-ADDA-8EB98AF1D510}.Debug|x64.ActiveCfg = Debug|Any CPU
		{3F5F9904-77C0-4668-ADDA-8EB98AF1D510}.Debug|x64.Build.0 = Debug|Any CPU
		{3F5F9904-77C0-4668-ADDA-8EB98AF1D510}.Debug|x86.ActiveCfg = Debug|Any CPU
		{3F5F9904-77C0-4668-ADDA-8EB98AF1D510}.Debug|x86.Build.0 = Debug|Any CPU
		{3F5F9904-77C0-4668-ADDA-8EB98AF1D510}.Release|Any CPU.ActiveCfg = Release|Any CPU
		{3F5F9904-77C0-4668-ADDA-8EB98AF1D510}.Release|Any CPU.Build.0 = Release|Any CPU
		{3F5F9904-77C0-4668-ADDA-8EB98AF1D510}.Release|x64.ActiveCfg = Release|Any CPU
		{3F5F9904-77C0-4668-ADDA-8EB98AF1D510}.Release|x64.Build.0 = Release|Any CPU
		{3F5F9904-77C0-4668-ADDA-8EB98AF1D510}.Release|x86.ActiveCfg = Release|Any CPU
		{3F5F9904-77C0-4668-ADDA-8EB98AF1D510}.Release|x86.Build.0 = Release|Any CPU
	EndGlobalSection
	GlobalSection(SolutionProperties) = preSolution
		HideSolutionNode = FALSE
	EndGlobalSection
	GlobalSection(NestedProjects) = preSolution
		{A6E7F35F-086C-4B83-BEEB-4E320840435D} = {9EAAF879-863D-4D08-A69D-6789CDE86628}
		{FED6B962-B809-45A2-BD2B-CA8482400DF2} = {9EAAF879-863D-4D08-A69D-6789CDE86628}
		{0F88CFA8-393C-45D5-A03C-9AAA6D247402} = {9EAAF879-863D-4D08-A69D-6789CDE86628}
		{8183B83B-A293-49D4-BBEB-7B639A48C352} = {9EAAF879-863D-4D08-A69D-6789CDE86628}
		{7F84BDBA-B971-4000-94A5-404E58AADEC4} = {ED2E7F84-C69D-43BE-AC04-2EC1BCFB7B10}
	EndGlobalSection
EndGlobal
